// !$*UTF8*$!
{
	archiveVersion = 1;
	classes = {
	};
	objectVersion = 46;
	objects = {

/* Begin PBXBuildFile section */
		3A85928C1ABDDF88003A7EAE /* GameBoard.m in Sources */ = {isa = PBXBuildFile; fileRef = 3A85928B1ABDDF88003A7EAE /* GameBoard.m */; };
		3A85928F1ABDE34E003A7EAE /* GameCard.m in Sources */ = {isa = PBXBuildFile; fileRef = 3A85928E1ABDE34E003A7EAE /* GameCard.m */; };
		3A86E9C71AD25367003BB34F /* HeartCard.m in Sources */ = {isa = PBXBuildFile; fileRef = 3A86E9C61AD25367003BB34F /* HeartCard.m */; };
		3A899CA71ADC18020024EABC /* AnimationCoordinator.m in Sources */ = {isa = PBXBuildFile; fileRef = 3A899CA61ADC18020024EABC /* AnimationCoordinator.m */; };
		3A8CA18D1AD8BE5F0015EC19 /* BombCard.m in Sources */ = {isa = PBXBuildFile; fileRef = 3A8CA18C1AD8BE5F0015EC19 /* BombCard.m */; };
		3A8CA1901AD8C4B70015EC19 /* IceCard.m in Sources */ = {isa = PBXBuildFile; fileRef = 3A8CA18F1AD8C4B70015EC19 /* IceCard.m */; };
		3AD056DA1AD05D9B00E08358 /* NullCard.m in Sources */ = {isa = PBXBuildFile; fileRef = 3AD056D91AD05D9B00E08358 /* NullCard.m */; };
		3AD056DF1AD083D300E08358 /* MatchStore.m in Sources */ = {isa = PBXBuildFile; fileRef = 3AD056DE1AD083D300E08358 /* MatchStore.m */; };
		3AD056E21AD0842B00E08358 /* LocalMatch.m in Sources */ = {isa = PBXBuildFile; fileRef = 3AD056E11AD0842B00E08358 /* LocalMatch.m */; };
		3AD056E61AD0FF0800E08358 /* CurrentGamesViewController.m in Sources */ = {isa = PBXBuildFile; fileRef = 3AD056E51AD0FF0800E08358 /* CurrentGamesViewController.m */; };
		3AD3758A1ABDEDDA002683B2 /* LightningCard.m in Sources */ = {isa = PBXBuildFile; fileRef = 3AD375891ABDEDDA002683B2 /* LightningCard.m */; };
		3AD375901ABE0428002683B2 /* GameCardView.m in Sources */ = {isa = PBXBuildFile; fileRef = 3AD3758F1ABE0428002683B2 /* GameCardView.m */; };
		3ADDD9031ABD235300BBA3D8 /* main.m in Sources */ = {isa = PBXBuildFile; fileRef = 3ADDD9021ABD235300BBA3D8 /* main.m */; };
		3ADDD9061ABD235300BBA3D8 /* AppDelegate.m in Sources */ = {isa = PBXBuildFile; fileRef = 3ADDD9051ABD235300BBA3D8 /* AppDelegate.m */; };
		3ADDD9111ABD235300BBA3D8 /* Main.storyboard in Resources */ = {isa = PBXBuildFile; fileRef = 3ADDD90F1ABD235300BBA3D8 /* Main.storyboard */; };
		3ADDD9131ABD235300BBA3D8 /* Images.xcassets in Resources */ = {isa = PBXBuildFile; fileRef = 3ADDD9121ABD235300BBA3D8 /* Images.xcassets */; };
		3ADDD9161ABD235300BBA3D8 /* LaunchScreen.xib in Resources */ = {isa = PBXBuildFile; fileRef = 3ADDD9141ABD235300BBA3D8 /* LaunchScreen.xib */; };
		3ADDD9221ABD235300BBA3D8 /* BattleCardsTests.m in Sources */ = {isa = PBXBuildFile; fileRef = 3ADDD9211ABD235300BBA3D8 /* BattleCardsTests.m */; };
		3ADDD92C1ABD26F100BBA3D8 /* GameKit.framework in Frameworks */ = {isa = PBXBuildFile; fileRef = 3ADDD92B1ABD26F100BBA3D8 /* GameKit.framework */; };
		3ADDD92F1ABD277800BBA3D8 /* BattleViewController.m in Sources */ = {isa = PBXBuildFile; fileRef = 3ADDD92E1ABD277800BBA3D8 /* BattleViewController.m */; };
		3ADDD9321ABD2A9500BBA3D8 /* GridSlotView.m in Sources */ = {isa = PBXBuildFile; fileRef = 3ADDD9311ABD2A9500BBA3D8 /* GridSlotView.m */; };
/* End PBXBuildFile section */

/* Begin PBXContainerItemProxy section */
		3ADDD91C1ABD235300BBA3D8 /* PBXContainerItemProxy */ = {
			isa = PBXContainerItemProxy;
			containerPortal = 3ADDD8F51ABD235300BBA3D8 /* Project object */;
			proxyType = 1;
			remoteGlobalIDString = 3ADDD8FC1ABD235300BBA3D8;
			remoteInfo = BattleCards;
		};
/* End PBXContainerItemProxy section */

/* Begin PBXFileReference section */
		3A85928A1ABDDF88003A7EAE /* GameBoard.h */ = {isa = PBXFileReference; fileEncoding = 4; lastKnownFileType = sourcecode.c.h; path = GameBoard.h; sourceTree = "<group>"; };
		3A85928B1ABDDF88003A7EAE /* GameBoard.m */ = {isa = PBXFileReference; fileEncoding = 4; lastKnownFileType = sourcecode.c.objc; path = GameBoard.m; sourceTree = "<group>"; };
		3A85928D1ABDE34E003A7EAE /* GameCard.h */ = {isa = PBXFileReference; fileEncoding = 4; lastKnownFileType = sourcecode.c.h; path = GameCard.h; sourceTree = "<group>"; };
		3A85928E1ABDE34E003A7EAE /* GameCard.m */ = {isa = PBXFileReference; fileEncoding = 4; lastKnownFileType = sourcecode.c.objc; path = GameCard.m; sourceTree = "<group>"; };
		3A86E9C51AD25367003BB34F /* HeartCard.h */ = {isa = PBXFileReference; fileEncoding = 4; lastKnownFileType = sourcecode.c.h; path = HeartCard.h; sourceTree = "<group>"; };
		3A86E9C61AD25367003BB34F /* HeartCard.m */ = {isa = PBXFileReference; fileEncoding = 4; lastKnownFileType = sourcecode.c.objc; path = HeartCard.m; sourceTree = "<group>"; };
		3A899CA51ADC18020024EABC /* AnimationCoordinator.h */ = {isa = PBXFileReference; fileEncoding = 4; lastKnownFileType = sourcecode.c.h; path = AnimationCoordinator.h; sourceTree = "<group>"; };
		3A899CA61ADC18020024EABC /* AnimationCoordinator.m */ = {isa = PBXFileReference; fileEncoding = 4; lastKnownFileType = sourcecode.c.objc; path = AnimationCoordinator.m; sourceTree = "<group>"; };
		3A899CAC1ADC2CD90024EABC /* AnimationCoordinator_InternalAccess.h */ = {isa = PBXFileReference; fileEncoding = 4; lastKnownFileType = sourcecode.c.h; path = AnimationCoordinator_InternalAccess.h; sourceTree = "<group>"; };
		3A8CA18B1AD8BE5F0015EC19 /* BombCard.h */ = {isa = PBXFileReference; fileEncoding = 4; lastKnownFileType = sourcecode.c.h; path = BombCard.h; sourceTree = "<group>"; };
		3A8CA18C1AD8BE5F0015EC19 /* BombCard.m */ = {isa = PBXFileReference; fileEncoding = 4; lastKnownFileType = sourcecode.c.objc; path = BombCard.m; sourceTree = "<group>"; };
		3A8CA18E1AD8C4B70015EC19 /* IceCard.h */ = {isa = PBXFileReference; fileEncoding = 4; lastKnownFileType = sourcecode.c.h; path = IceCard.h; sourceTree = "<group>"; };
		3A8CA18F1AD8C4B70015EC19 /* IceCard.m */ = {isa = PBXFileReference; fileEncoding = 4; lastKnownFileType = sourcecode.c.objc; path = IceCard.m; sourceTree = "<group>"; };
		3AD056D81AD05D9B00E08358 /* NullCard.h */ = {isa = PBXFileReference; fileEncoding = 4; lastKnownFileType = sourcecode.c.h; path = NullCard.h; sourceTree = "<group>"; };
		3AD056D91AD05D9B00E08358 /* NullCard.m */ = {isa = PBXFileReference; fileEncoding = 4; lastKnownFileType = sourcecode.c.objc; path = NullCard.m; sourceTree = "<group>"; };
		3AD056DD1AD083D300E08358 /* MatchStore.h */ = {isa = PBXFileReference; fileEncoding = 4; lastKnownFileType = sourcecode.c.h; path = MatchStore.h; sourceTree = "<group>"; };
		3AD056DE1AD083D300E08358 /* MatchStore.m */ = {isa = PBXFileReference; fileEncoding = 4; lastKnownFileType = sourcecode.c.objc; path = MatchStore.m; sourceTree = "<group>"; };
		3AD056E01AD0842B00E08358 /* LocalMatch.h */ = {isa = PBXFileReference; fileEncoding = 4; lastKnownFileType = sourcecode.c.h; path = LocalMatch.h; sourceTree = "<group>"; };
		3AD056E11AD0842B00E08358 /* LocalMatch.m */ = {isa = PBXFileReference; fileEncoding = 4; lastKnownFileType = sourcecode.c.objc; path = LocalMatch.m; sourceTree = "<group>"; };
		3AD056E31AD0B0BA00E08358 /* GameCardTypes.h */ = {isa = PBXFileReference; lastKnownFileType = sourcecode.c.h; path = GameCardTypes.h; sourceTree = "<group>"; };
		3AD056E41AD0FF0800E08358 /* CurrentGamesViewController.h */ = {isa = PBXFileReference; fileEncoding = 4; lastKnownFileType = sourcecode.c.h; path = CurrentGamesViewController.h; sourceTree = "<group>"; };
		3AD056E51AD0FF0800E08358 /* CurrentGamesViewController.m */ = {isa = PBXFileReference; fileEncoding = 4; lastKnownFileType = sourcecode.c.objc; path = CurrentGamesViewController.m; sourceTree = "<group>"; };
		3AD375881ABDEDDA002683B2 /* LightningCard.h */ = {isa = PBXFileReference; fileEncoding = 4; lastKnownFileType = sourcecode.c.h; path = LightningCard.h; sourceTree = "<group>"; };
		3AD375891ABDEDDA002683B2 /* LightningCard.m */ = {isa = PBXFileReference; fileEncoding = 4; lastKnownFileType = sourcecode.c.objc; path = LightningCard.m; sourceTree = "<group>"; };
		3AD3758E1ABE0428002683B2 /* GameCardView.h */ = {isa = PBXFileReference; fileEncoding = 4; lastKnownFileType = sourcecode.c.h; path = GameCardView.h; sourceTree = "<group>"; };
		3AD3758F1ABE0428002683B2 /* GameCardView.m */ = {isa = PBXFileReference; fileEncoding = 4; lastKnownFileType = sourcecode.c.objc; path = GameCardView.m; sourceTree = "<group>"; };
		3ADDD8FD1ABD235300BBA3D8 /* BattleCards.app */ = {isa = PBXFileReference; explicitFileType = wrapper.application; includeInIndex = 0; path = BattleCards.app; sourceTree = BUILT_PRODUCTS_DIR; };
		3ADDD9011ABD235300BBA3D8 /* Info.plist */ = {isa = PBXFileReference; lastKnownFileType = text.plist.xml; path = Info.plist; sourceTree = "<group>"; };
		3ADDD9021ABD235300BBA3D8 /* main.m */ = {isa = PBXFileReference; lastKnownFileType = sourcecode.c.objc; path = main.m; sourceTree = "<group>"; };
		3ADDD9041ABD235300BBA3D8 /* AppDelegate.h */ = {isa = PBXFileReference; lastKnownFileType = sourcecode.c.h; path = AppDelegate.h; sourceTree = "<group>"; };
		3ADDD9051ABD235300BBA3D8 /* AppDelegate.m */ = {isa = PBXFileReference; lastKnownFileType = sourcecode.c.objc; path = AppDelegate.m; sourceTree = "<group>"; };
		3ADDD9101ABD235300BBA3D8 /* Base */ = {isa = PBXFileReference; lastKnownFileType = file.storyboard; name = Base; path = Base.lproj/Main.storyboard; sourceTree = "<group>"; };
		3ADDD9121ABD235300BBA3D8 /* Images.xcassets */ = {isa = PBXFileReference; lastKnownFileType = folder.assetcatalog; path = Images.xcassets; sourceTree = "<group>"; };
		3ADDD9151ABD235300BBA3D8 /* Base */ = {isa = PBXFileReference; lastKnownFileType = file.xib; name = Base; path = Base.lproj/LaunchScreen.xib; sourceTree = "<group>"; };
		3ADDD91B1ABD235300BBA3D8 /* BattleCardsTests.xctest */ = {isa = PBXFileReference; explicitFileType = wrapper.cfbundle; includeInIndex = 0; path = BattleCardsTests.xctest; sourceTree = BUILT_PRODUCTS_DIR; };
		3ADDD9201ABD235300BBA3D8 /* Info.plist */ = {isa = PBXFileReference; lastKnownFileType = text.plist.xml; path = Info.plist; sourceTree = "<group>"; };
		3ADDD9211ABD235300BBA3D8 /* BattleCardsTests.m */ = {isa = PBXFileReference; lastKnownFileType = sourcecode.c.objc; path = BattleCardsTests.m; sourceTree = "<group>"; };
		3ADDD92B1ABD26F100BBA3D8 /* GameKit.framework */ = {isa = PBXFileReference; lastKnownFileType = wrapper.framework; name = GameKit.framework; path = System/Library/Frameworks/GameKit.framework; sourceTree = SDKROOT; };
		3ADDD92D1ABD277800BBA3D8 /* BattleViewController.h */ = {isa = PBXFileReference; fileEncoding = 4; lastKnownFileType = sourcecode.c.h; path = BattleViewController.h; sourceTree = "<group>"; };
		3ADDD92E1ABD277800BBA3D8 /* BattleViewController.m */ = {isa = PBXFileReference; fileEncoding = 4; lastKnownFileType = sourcecode.c.objc; path = BattleViewController.m; sourceTree = "<group>"; };
		3ADDD9301ABD2A9500BBA3D8 /* GridSlotView.h */ = {isa = PBXFileReference; fileEncoding = 4; lastKnownFileType = sourcecode.c.h; path = GridSlotView.h; sourceTree = "<group>"; };
		3ADDD9311ABD2A9500BBA3D8 /* GridSlotView.m */ = {isa = PBXFileReference; fileEncoding = 4; lastKnownFileType = sourcecode.c.objc; path = GridSlotView.m; sourceTree = "<group>"; };
/* End PBXFileReference section */

/* Begin PBXFrameworksBuildPhase section */
		3ADDD8FA1ABD235300BBA3D8 /* Frameworks */ = {
			isa = PBXFrameworksBuildPhase;
			buildActionMask = 2147483647;
			files = (
				3ADDD92C1ABD26F100BBA3D8 /* GameKit.framework in Frameworks */,
			);
			runOnlyForDeploymentPostprocessing = 0;
		};
		3ADDD9181ABD235300BBA3D8 /* Frameworks */ = {
			isa = PBXFrameworksBuildPhase;
			buildActionMask = 2147483647;
			files = (
			);
			runOnlyForDeploymentPostprocessing = 0;
		};
/* End PBXFrameworksBuildPhase section */

/* Begin PBXGroup section */
		3AD056DB1AD0839200E08358 /* Models */ = {
			isa = PBXGroup;
			children = (
				3AD056DD1AD083D300E08358 /* MatchStore.h */,
				3AD056DE1AD083D300E08358 /* MatchStore.m */,
				3AD056E01AD0842B00E08358 /* LocalMatch.h */,
				3AD056E11AD0842B00E08358 /* LocalMatch.m */,
			);
			name = Models;
			sourceTree = "<group>";
		};
		3AD375861ABDED87002683B2 /* Game Cards */ = {
			isa = PBXGroup;
			children = (
				3AD056E31AD0B0BA00E08358 /* GameCardTypes.h */,
				3AD056D81AD05D9B00E08358 /* NullCard.h */,
				3AD056D91AD05D9B00E08358 /* NullCard.m */,
				3AD375881ABDEDDA002683B2 /* LightningCard.h */,
				3AD375891ABDEDDA002683B2 /* LightningCard.m */,
				3A86E9C51AD25367003BB34F /* HeartCard.h */,
				3A86E9C61AD25367003BB34F /* HeartCard.m */,
				3A8CA18B1AD8BE5F0015EC19 /* BombCard.h */,
				3A8CA18C1AD8BE5F0015EC19 /* BombCard.m */,
				3A8CA18E1AD8C4B70015EC19 /* IceCard.h */,
				3A8CA18F1AD8C4B70015EC19 /* IceCard.m */,
			);
			name = "Game Cards";
			sourceTree = "<group>";
		};
		3AD375871ABDED95002683B2 /* Gameplay Objects */ = {
			isa = PBXGroup;
			children = (
				3A85928A1ABDDF88003A7EAE /* GameBoard.h */,
				3A85928B1ABDDF88003A7EAE /* GameBoard.m */,
				3A85928D1ABDE34E003A7EAE /* GameCard.h */,
				3A85928E1ABDE34E003A7EAE /* GameCard.m */,
				3AD375861ABDED87002683B2 /* Game Cards */,
			);
			name = "Gameplay Objects";
			sourceTree = "<group>";
		};
		3AD3758B1ABE03AA002683B2 /* Views */ = {
			isa = PBXGroup;
			children = (
				3ADDD9301ABD2A9500BBA3D8 /* GridSlotView.h */,
				3ADDD9311ABD2A9500BBA3D8 /* GridSlotView.m */,
				3AD3758E1ABE0428002683B2 /* GameCardView.h */,
				3AD3758F1ABE0428002683B2 /* GameCardView.m */,
			);
			name = Views;
			sourceTree = "<group>";
		};
		3AD3758C1ABE03BB002683B2 /* Controllers */ = {
			isa = PBXGroup;
			children = (
				3ADDD92D1ABD277800BBA3D8 /* BattleViewController.h */,
				3ADDD92E1ABD277800BBA3D8 /* BattleViewController.m */,
				3AD056E41AD0FF0800E08358 /* CurrentGamesViewController.h */,
				3AD056E51AD0FF0800E08358 /* CurrentGamesViewController.m */,
				3A899CA51ADC18020024EABC /* AnimationCoordinator.h */,
				3A899CAC1ADC2CD90024EABC /* AnimationCoordinator_InternalAccess.h */,
				3A899CA61ADC18020024EABC /* AnimationCoordinator.m */,
			);
			name = Controllers;
			sourceTree = "<group>";
		};
		3AD3758D1ABE03C5002683B2 /* Delegates */ = {
			isa = PBXGroup;
			children = (
				3ADDD9041ABD235300BBA3D8 /* AppDelegate.h */,
				3ADDD9051ABD235300BBA3D8 /* AppDelegate.m */,
			);
			name = Delegates;
			sourceTree = "<group>";
		};
		3ADDD8F41ABD235300BBA3D8 = {
			isa = PBXGroup;
			children = (
				3ADDD92B1ABD26F100BBA3D8 /* GameKit.framework */,
				3ADDD8FF1ABD235300BBA3D8 /* BattleCards */,
				3ADDD91E1ABD235300BBA3D8 /* BattleCardsTests */,
				3ADDD8FE1ABD235300BBA3D8 /* Products */,
			);
			sourceTree = "<group>";
		};
		3ADDD8FE1ABD235300BBA3D8 /* Products */ = {
			isa = PBXGroup;
			children = (
				3ADDD8FD1ABD235300BBA3D8 /* BattleCards.app */,
				3ADDD91B1ABD235300BBA3D8 /* BattleCardsTests.xctest */,
			);
			name = Products;
			sourceTree = "<group>";
		};
		3ADDD8FF1ABD235300BBA3D8 /* BattleCards */ = {
			isa = PBXGroup;
			children = (
				3ADDD9141ABD235300BBA3D8 /* LaunchScreen.xib */,
				3ADDD90F1ABD235300BBA3D8 /* Main.storyboard */,
				3AD3758D1ABE03C5002683B2 /* Delegates */,
				3AD056DB1AD0839200E08358 /* Models */,
				3AD3758C1ABE03BB002683B2 /* Controllers */,
				3AD3758B1ABE03AA002683B2 /* Views */,
				3AD375871ABDED95002683B2 /* Gameplay Objects */,
				3ADDD9121ABD235300BBA3D8 /* Images.xcassets */,
				3ADDD9001ABD235300BBA3D8 /* Supporting Files */,
			);
			path = BattleCards;
			sourceTree = "<group>";
		};
		3ADDD9001ABD235300BBA3D8 /* Supporting Files */ = {
			isa = PBXGroup;
			children = (
				3ADDD9011ABD235300BBA3D8 /* Info.plist */,
				3ADDD9021ABD235300BBA3D8 /* main.m */,
			);
			name = "Supporting Files";
			sourceTree = "<group>";
		};
		3ADDD91E1ABD235300BBA3D8 /* BattleCardsTests */ = {
			isa = PBXGroup;
			children = (
				3ADDD9211ABD235300BBA3D8 /* BattleCardsTests.m */,
				3ADDD91F1ABD235300BBA3D8 /* Supporting Files */,
			);
			path = BattleCardsTests;
			sourceTree = "<group>";
		};
		3ADDD91F1ABD235300BBA3D8 /* Supporting Files */ = {
			isa = PBXGroup;
			children = (
				3ADDD9201ABD235300BBA3D8 /* Info.plist */,
			);
			name = "Supporting Files";
			sourceTree = "<group>";
		};
/* End PBXGroup section */

/* Begin PBXNativeTarget section */
		3ADDD8FC1ABD235300BBA3D8 /* BattleCards */ = {
			isa = PBXNativeTarget;
			buildConfigurationList = 3ADDD9251ABD235300BBA3D8 /* Build configuration list for PBXNativeTarget "BattleCards" */;
			buildPhases = (
				3ADDD8F91ABD235300BBA3D8 /* Sources */,
				3ADDD8FA1ABD235300BBA3D8 /* Frameworks */,
				3ADDD8FB1ABD235300BBA3D8 /* Resources */,
			);
			buildRules = (
			);
			dependencies = (
			);
			name = BattleCards;
			productName = BattleCards;
			productReference = 3ADDD8FD1ABD235300BBA3D8 /* BattleCards.app */;
			productType = "com.apple.product-type.application";
		};
		3ADDD91A1ABD235300BBA3D8 /* BattleCardsTests */ = {
			isa = PBXNativeTarget;
			buildConfigurationList = 3ADDD9281ABD235300BBA3D8 /* Build configuration list for PBXNativeTarget "BattleCardsTests" */;
			buildPhases = (
				3ADDD9171ABD235300BBA3D8 /* Sources */,
				3ADDD9181ABD235300BBA3D8 /* Frameworks */,
				3ADDD9191ABD235300BBA3D8 /* Resources */,
			);
			buildRules = (
			);
			dependencies = (
				3ADDD91D1ABD235300BBA3D8 /* PBXTargetDependency */,
			);
			name = BattleCardsTests;
			productName = BattleCardsTests;
			productReference = 3ADDD91B1ABD235300BBA3D8 /* BattleCardsTests.xctest */;
			productType = "com.apple.product-type.bundle.unit-test";
		};
/* End PBXNativeTarget section */

/* Begin PBXProject section */
		3ADDD8F51ABD235300BBA3D8 /* Project object */ = {
			isa = PBXProject;
			attributes = {
				LastUpgradeCheck = 0620;
				ORGANIZATIONNAME = "Drew Fitzpatrick";
				TargetAttributes = {
					3ADDD8FC1ABD235300BBA3D8 = {
						CreatedOnToolsVersion = 6.2;
						DevelopmentTeam = 97H56TQ95G;
						SystemCapabilities = {
							com.apple.GameCenter = {
								enabled = 1;
							};
						};
					};
					3ADDD91A1ABD235300BBA3D8 = {
						CreatedOnToolsVersion = 6.2;
						TestTargetID = 3ADDD8FC1ABD235300BBA3D8;
					};
				};
			};
			buildConfigurationList = 3ADDD8F81ABD235300BBA3D8 /* Build configuration list for PBXProject "BattleCards" */;
			compatibilityVersion = "Xcode 3.2";
			developmentRegion = English;
			hasScannedForEncodings = 0;
			knownRegions = (
				en,
				Base,
			);
			mainGroup = 3ADDD8F41ABD235300BBA3D8;
			productRefGroup = 3ADDD8FE1ABD235300BBA3D8 /* Products */;
			projectDirPath = "";
			projectRoot = "";
			targets = (
				3ADDD8FC1ABD235300BBA3D8 /* BattleCards */,
				3ADDD91A1ABD235300BBA3D8 /* BattleCardsTests */,
			);
		};
/* End PBXProject section */

/* Begin PBXResourcesBuildPhase section */
		3ADDD8FB1ABD235300BBA3D8 /* Resources */ = {
			isa = PBXResourcesBuildPhase;
			buildActionMask = 2147483647;
			files = (
				3ADDD9161ABD235300BBA3D8 /* LaunchScreen.xib in Resources */,
				3ADDD9131ABD235300BBA3D8 /* Images.xcassets in Resources */,
				3ADDD9111ABD235300BBA3D8 /* Main.storyboard in Resources */,
			);
			runOnlyForDeploymentPostprocessing = 0;
		};
		3ADDD9191ABD235300BBA3D8 /* Resources */ = {
			isa = PBXResourcesBuildPhase;
			buildActionMask = 2147483647;
			files = (
			);
			runOnlyForDeploymentPostprocessing = 0;
		};
/* End PBXResourcesBuildPhase section */

/* Begin PBXSourcesBuildPhase section */
		3ADDD8F91ABD235300BBA3D8 /* Sources */ = {
			isa = PBXSourcesBuildPhase;
			buildActionMask = 2147483647;
			files = (
				3AD3758A1ABDEDDA002683B2 /* LightningCard.m in Sources */,
				3ADDD9061ABD235300BBA3D8 /* AppDelegate.m in Sources */,
				3AD375901ABE0428002683B2 /* GameCardView.m in Sources */,
				3AD056E21AD0842B00E08358 /* LocalMatch.m in Sources */,
				3ADDD9321ABD2A9500BBA3D8 /* GridSlotView.m in Sources */,
				3A899CA71ADC18020024EABC /* AnimationCoordinator.m in Sources */,
				3A86E9C71AD25367003BB34F /* HeartCard.m in Sources */,
				3A8CA1901AD8C4B70015EC19 /* IceCard.m in Sources */,
				3A85928F1ABDE34E003A7EAE /* GameCard.m in Sources */,
				3ADDD9031ABD235300BBA3D8 /* main.m in Sources */,
				3A85928C1ABDDF88003A7EAE /* GameBoard.m in Sources */,
				3AD056DF1AD083D300E08358 /* MatchStore.m in Sources */,
				3ADDD92F1ABD277800BBA3D8 /* BattleViewController.m in Sources */,
				3A8CA18D1AD8BE5F0015EC19 /* BombCard.m in Sources */,
				3AD056E61AD0FF0800E08358 /* CurrentGamesViewController.m in Sources */,
				3AD056DA1AD05D9B00E08358 /* NullCard.m in Sources */,
			);
			runOnlyForDeploymentPostprocessing = 0;
		};
		3ADDD9171ABD235300BBA3D8 /* Sources */ = {
			isa = PBXSourcesBuildPhase;
			buildActionMask = 2147483647;
			files = (
				3ADDD9221ABD235300BBA3D8 /* BattleCardsTests.m in Sources */,
			);
			runOnlyForDeploymentPostprocessing = 0;
		};
/* End PBXSourcesBuildPhase section */

/* Begin PBXTargetDependency section */
		3ADDD91D1ABD235300BBA3D8 /* PBXTargetDependency */ = {
			isa = PBXTargetDependency;
			target = 3ADDD8FC1ABD235300BBA3D8 /* BattleCards */;
			targetProxy = 3ADDD91C1ABD235300BBA3D8 /* PBXContainerItemProxy */;
		};
/* End PBXTargetDependency section */

/* Begin PBXVariantGroup section */
		3ADDD90F1ABD235300BBA3D8 /* Main.storyboard */ = {
			isa = PBXVariantGroup;
			children = (
				3ADDD9101ABD235300BBA3D8 /* Base */,
			);
			name = Main.storyboard;
			sourceTree = "<group>";
		};
		3ADDD9141ABD235300BBA3D8 /* LaunchScreen.xib */ = {
			isa = PBXVariantGroup;
			children = (
				3ADDD9151ABD235300BBA3D8 /* Base */,
			);
			name = LaunchScreen.xib;
			sourceTree = "<group>";
		};
/* End PBXVariantGroup section */

/* Begin XCBuildConfiguration section */
		3ADDD9231ABD235300BBA3D8 /* Debug */ = {
			isa = XCBuildConfiguration;
			buildSettings = {
				ALWAYS_SEARCH_USER_PATHS = NO;
				CLANG_CXX_LANGUAGE_STANDARD = "gnu++0x";
				CLANG_CXX_LIBRARY = "libc++";
				CLANG_ENABLE_MODULES = YES;
				CLANG_ENABLE_OBJC_ARC = YES;
				CLANG_WARN_BOOL_CONVERSION = YES;
				CLANG_WARN_CONSTANT_CONVERSION = YES;
				CLANG_WARN_DIRECT_OBJC_ISA_USAGE = YES_ERROR;
				CLANG_WARN_EMPTY_BODY = YES;
				CLANG_WARN_ENUM_CONVERSION = YES;
				CLANG_WARN_INT_CONVERSION = YES;
				CLANG_WARN_OBJC_ROOT_CLASS = YES_ERROR;
				CLANG_WARN_UNREACHABLE_CODE = YES;
				CLANG_WARN__DUPLICATE_METHOD_MATCH = YES;
				"CODE_SIGN_IDENTITY[sdk=iphoneos*]" = "iPhone Developer";
				COPY_PHASE_STRIP = NO;
				ENABLE_STRICT_OBJC_MSGSEND = YES;
				GCC_C_LANGUAGE_STANDARD = gnu99;
				GCC_DYNAMIC_NO_PIC = NO;
				GCC_OPTIMIZATION_LEVEL = 0;
				GCC_PREPROCESSOR_DEFINITIONS = (
					"DEBUG=1",
					"$(inherited)",
				);
				GCC_SYMBOLS_PRIVATE_EXTERN = NO;
				GCC_WARN_64_TO_32_BIT_CONVERSION = YES;
				GCC_WARN_ABOUT_RETURN_TYPE = YES_ERROR;
				GCC_WARN_UNDECLARED_SELECTOR = YES;
				GCC_WARN_UNINITIALIZED_AUTOS = YES_AGGRESSIVE;
				GCC_WARN_UNUSED_FUNCTION = YES;
				GCC_WARN_UNUSED_VARIABLE = YES;
				IPHONEOS_DEPLOYMENT_TARGET = 8.2;
				MTL_ENABLE_DEBUG_INFO = YES;
				ONLY_ACTIVE_ARCH = YES;
				SDKROOT = iphoneos;
				TARGETED_DEVICE_FAMILY = "1,2";
			};
			name = Debug;
		};
		3ADDD9241ABD235300BBA3D8 /* Release */ = {
			isa = XCBuildConfiguration;
			buildSettings = {
				ALWAYS_SEARCH_USER_PATHS = NO;
				CLANG_CXX_LANGUAGE_STANDARD = "gnu++0x";
				CLANG_CXX_LIBRARY = "libc++";
				CLANG_ENABLE_MODULES = YES;
				CLANG_ENABLE_OBJC_ARC = YES;
				CLANG_WARN_BOOL_CONVERSION = YES;
				CLANG_WARN_CONSTANT_CONVERSION = YES;
				CLANG_WARN_DIRECT_OBJC_ISA_USAGE = YES_ERROR;
				CLANG_WARN_EMPTY_BODY = YES;
				CLANG_WARN_ENUM_CONVERSION = YES;
				CLANG_WARN_INT_CONVERSION = YES;
				CLANG_WARN_OBJC_ROOT_CLASS = YES_ERROR;
				CLANG_WARN_UNREACHABLE_CODE = YES;
				CLANG_WARN__DUPLICATE_METHOD_MATCH = YES;
				"CODE_SIGN_IDENTITY[sdk=iphoneos*]" = "iPhone Developer";
				COPY_PHASE_STRIP = NO;
				ENABLE_NS_ASSERTIONS = NO;
				ENABLE_STRICT_OBJC_MSGSEND = YES;
				GCC_C_LANGUAGE_STANDARD = gnu99;
				GCC_WARN_64_TO_32_BIT_CONVERSION = YES;
				GCC_WARN_ABOUT_RETURN_TYPE = YES_ERROR;
				GCC_WARN_UNDECLARED_SELECTOR = YES;
				GCC_WARN_UNINITIALIZED_AUTOS = YES_AGGRESSIVE;
				GCC_WARN_UNUSED_FUNCTION = YES;
				GCC_WARN_UNUSED_VARIABLE = YES;
				IPHONEOS_DEPLOYMENT_TARGET = 8.2;
				MTL_ENABLE_DEBUG_INFO = NO;
				SDKROOT = iphoneos;
				TARGETED_DEVICE_FAMILY = "1,2";
				VALIDATE_PRODUCT = YES;
			};
			name = Release;
		};
		3ADDD9261ABD235300BBA3D8 /* Debug */ = {
			isa = XCBuildConfiguration;
			buildSettings = {
				ASSETCATALOG_COMPILER_APPICON_NAME = AppIcon;
				CODE_SIGN_IDENTITY = "iPhone Developer";
				"CODE_SIGN_IDENTITY[sdk=iphoneos*]" = "iPhone Developer";
				INFOPLIST_FILE = BattleCards/Info.plist;
				LD_RUNPATH_SEARCH_PATHS = "$(inherited) @executable_path/Frameworks";
				PRODUCT_NAME = "$(TARGET_NAME)";
				PROVISIONING_PROFILE = "";
			};
			name = Debug;
		};
		3ADDD9271ABD235300BBA3D8 /* Release */ = {
			isa = XCBuildConfiguration;
			buildSettings = {
				ASSETCATALOG_COMPILER_APPICON_NAME = AppIcon;
				CODE_SIGN_IDENTITY = "iPhone Developer";
				"CODE_SIGN_IDENTITY[sdk=iphoneos*]" = "iPhone Developer";
				INFOPLIST_FILE = BattleCards/Info.plist;
				LD_RUNPATH_SEARCH_PATHS = "$(inherited) @executable_path/Frameworks";
				PRODUCT_NAME = "$(TARGET_NAME)";
				PROVISIONING_PROFILE = "";
			};
			name = Release;
		};
		3ADDD9291ABD235300BBA3D8 /* Debug */ = {
			isa = XCBuildConfiguration;
			buildSettings = {
				BUNDLE_LOADER = "$(TEST_HOST)";
				FRAMEWORK_SEARCH_PATHS = (
					"$(SDKROOT)/Developer/Library/Frameworks",
					"$(inherited)",
				);
				GCC_PREPROCESSOR_DEFINITIONS = (
					"DEBUG=1",
					"$(inherited)",
				);
				INFOPLIST_FILE = BattleCardsTests/Info.plist;
				LD_RUNPATH_SEARCH_PATHS = "$(inherited) @executable_path/Frameworks @loader_path/Frameworks";
				PRODUCT_NAME = "$(TARGET_NAME)";
				TEST_HOST = "$(BUILT_PRODUCTS_DIR)/BattleCards.app/BattleCards";
			};
			name = Debug;
		};
		3ADDD92A1ABD235300BBA3D8 /* Release */ = {
			isa = XCBuildConfiguration;
			buildSettings = {
				BUNDLE_LOADER = "$(TEST_HOST)";
				FRAMEWORK_SEARCH_PATHS = (
					"$(SDKROOT)/Developer/Library/Frameworks",
					"$(inherited)",
				);
				INFOPLIST_FILE = BattleCardsTests/Info.plist;
				LD_RUNPATH_SEARCH_PATHS = "$(inherited) @executable_path/Frameworks @loader_path/Frameworks";
				PRODUCT_NAME = "$(TARGET_NAME)";
				TEST_HOST = "$(BUILT_PRODUCTS_DIR)/BattleCards.app/BattleCards";
			};
			name = Release;
		};
/* End XCBuildConfiguration section */

/* Begin XCConfigurationList section */
		3ADDD8F81ABD235300BBA3D8 /* Build configuration list for PBXProject "BattleCards" */ = {
			isa = XCConfigurationList;
			buildConfigurations = (
				3ADDD9231ABD235300BBA3D8 /* Debug */,
				3ADDD9241ABD235300BBA3D8 /* Release */,
			);
			defaultConfigurationIsVisible = 0;
			defaultConfigurationName = Release;
		};
		3ADDD9251ABD235300BBA3D8 /* Build configuration list for PBXNativeTarget "BattleCards" */ = {
			isa = XCConfigurationList;
			buildConfigurations = (
				3ADDD9261ABD235300BBA3D8 /* Debug */,
				3ADDD9271ABD235300BBA3D8 /* Release */,
			);
			defaultConfigurationIsVisible = 0;
			defaultConfigurationName = Release;
		};
		3ADDD9281ABD235300BBA3D8 /* Build configuration list for PBXNativeTarget "BattleCardsTests" */ = {
			isa = XCConfigurationList;
			buildConfigurations = (
				3ADDD9291ABD235300BBA3D8 /* Debug */,
				3ADDD92A1ABD235300BBA3D8 /* Release */,
			);
			defaultConfigurationIsVisible = 0;
			defaultConfigurationName = Release;
		};
/* End XCConfigurationList section */
	};
	rootObject = 3ADDD8F51ABD235300BBA3D8 /* Project object */;
}
